
Microsoft Visual Studio Solution File, Format Version 12.00
# Visual Studio Version 17
VisualStudioVersion = 17.5.33530.505
MinimumVisualStudioVersion = 10.0.40219.1
Project("{9A19103F-16F7-4668-BE54-9A1E7A4F7556}") = "TowerSoft.Repository", "TowerSoft.Repository\TowerSoft.Repository.csproj", "{8853B6A7-308F-4CB3-8FDC-69952429F9B2}"
EndProject
Project("{9A19103F-16F7-4668-BE54-9A1E7A4F7556}") = "TowerSoft.Repository.MySql", "TowerSoft.Repository.MySql\TowerSoft.Repository.MySql.csproj", "{10A69C2E-80E5-4899-B0C9-A21B5BE956C8}"
EndProject
Project("{9A19103F-16F7-4668-BE54-9A1E7A4F7556}") = "TowerSoft.Repository.SQLite", "TowerSoft.Repository.SqlLite\TowerSoft.Repository.SQLite.csproj", "{07373FEE-1ACC-4D99-9DA5-CED892684E1F}"
EndProject
Project("{9A19103F-16F7-4668-BE54-9A1E7A4F7556}") = "TowerSoft.Repository.MicrosoftSql", "TowerSoft.Repository.MicrosoftSql\TowerSoft.Repository.MicrosoftSql.csproj", "{5C6E9F02-801E-41B6-9A3A-D1ADCFB6F34B}"
EndProject
Project("{9A19103F-16F7-4668-BE54-9A1E7A4F7556}") = "TowerSoft.Repository.PostgreSql", "TowerSoft.Repository.PostgreSql\TowerSoft.Repository.PostgreSql.csproj", "{8F6E6E5E-4963-4649-BA6D-5EEAE196B125}"
EndProject
Project("{9A19103F-16F7-4668-BE54-9A1E7A4F7556}") = "TowerSoft.RepositoryTests", "TowerSoft.RepositoryTests\TowerSoft.RepositoryTests.csproj", "{86D58C76-9D3F-4F6D-8B79-9699D88006BB}"
EndProject
Project("{FAE04EC0-301F-11D3-BF4B-00C04F79EFBC}") = "TowerSoft.RepositoryExample", "TowerSoft.RepositoryExample\TowerSoft.RepositoryExample.csproj", "{34A9D94A-616B-46C6-8688-E6705864E9F4}"
EndProject
Global
	GlobalSection(SolutionConfigurationPlatforms) = preSolution
		Debug|Any CPU = Debug|Any CPU
		Release|Any CPU = Release|Any CPU
	EndGlobalSection
	GlobalSection(ProjectConfigurationPlatforms) = postSolution
		{8853B6A7-308F-4CB3-8FDC-69952429F9B2}.Debug|Any CPU.ActiveCfg = Debug|Any CPU
		{8853B6A7-308F-4CB3-8FDC-69952429F9B2}.Debug|Any CPU.Build.0 = Debug|Any CPU
		{8853B6A7-308F-4CB3-8FDC-69952429F9B2}.Release|Any CPU.ActiveCfg = Release|Any CPU
		{8853B6A7-308F-4CB3-8FDC-69952429F9B2}.Release|Any CPU.Build.0 = Release|Any CPU
		{10A69C2E-80E5-4899-B0C9-A21B5BE956C8}.Debug|Any CPU.ActiveCfg = Debug|Any CPU
		{10A69C2E-80E5-4899-B0C9-A21B5BE956C8}.Debug|Any CPU.Build.0 = Debug|Any CPU
		{10A69C2E-80E5-4899-B0C9-A21B5BE956C8}.Release|Any CPU.ActiveCfg = Release|Any CPU
		{10A69C2E-80E5-4899-B0C9-A21B5BE956C8}.Release|Any CPU.Build.0 = Release|Any CPU
		{07373FEE-1ACC-4D99-9DA5-CED892684E1F}.Debug|Any CPU.ActiveCfg = Debug|Any CPU
		{07373FEE-1ACC-4D99-9DA5-CED892684E1F}.Debug|Any CPU.Build.0 = Debug|Any CPU
		{07373FEE-1ACC-4D99-9DA5-CED892684E1F}.Release|Any CPU.ActiveCfg = Release|Any CPU
		{07373FEE-1ACC-4D99-9DA5-CED892684E1F}.Release|Any CPU.Build.0 = Release|Any CPU
		{5C6E9F02-801E-41B6-9A3A-D1ADCFB6F34B}.Debug|Any CPU.ActiveCfg = Debug|Any CPU
		{5C6E9F02-801E-41B6-9A3A-D1ADCFB6F34B}.Debug|Any CPU.Build.0 = Debug|Any CPU
		{5C6E9F02-801E-41B6-9A3A-D1ADCFB6F34B}.Release|Any CPU.ActiveCfg = Release|Any CPU
		{5C6E9F02-801E-41B6-9A3A-D1ADCFB6F34B}.Release|Any CPU.Build.0 = Release|Any CPU
		{8F6E6E5E-4963-4649-BA6D-5EEAE196B125}.Debug|Any CPU.ActiveCfg = Debug|Any CPU
		{8F6E6E5E-4963-4649-BA6D-5EEAE196B125}.Debug|Any CPU.Build.0 = Debug|Any CPU
		{8F6E6E5E-4963-4649-BA6D-5EEAE196B125}.Release|Any CPU.ActiveCfg = Release|Any CPU
		{8F6E6E5E-4963-4649-BA6D-5EEAE196B125}.Release|Any CPU.Build.0 = Release|Any CPU
		{86D58C76-9D3F-4F6D-8B79-9699D88006BB}.Debug|Any CPU.ActiveCfg = Debug|Any CPU
		{86D58C76-9D3F-4F6D-8B79-9699D88006BB}.Debug|Any CPU.Build.0 = Debug|Any CPU
		{86D58C76-9D3F-4F6D-8B79-9699D88006BB}.Release|Any CPU.ActiveCfg = Release|Any CPU
		{86D58C76-9D3F-4F6D-8B79-9699D88006BB}.Release|Any CPU.Build.0 = Release|Any CPU
		{34A9D94A-616B-46C6-8688-E6705864E9F4}.Debug|Any CPU.ActiveCfg = Debug|Any CPU
		{34A9D94A-616B-46C6-8688-E6705864E9F4}.Debug|Any CPU.Build.0 = Debug|Any CPU
		{34A9D94A-616B-46C6-8688-E6705864E9F4}.Release|Any CPU.ActiveCfg = Release|Any CPU
		{34A9D94A-616B-46C6-8688-E6705864E9F4}.Release|Any CPU.Build.0 = Release|Any CPU
	EndGlobalSection
	GlobalSection(SolutionProperties) = preSolution
		HideSolutionNode = FALSE
	EndGlobalSection
	GlobalSection(ExtensibilityGlobals) = postSolution
		SolutionGuid = {A0E1D4B5-ED3A-44A0-B662-8BB9B1F637AD}
	EndGlobalSection
EndGlobal
